{
  "object": {
    "pins": [
      {
        "package": "Cxlsxwriter",
        "repositoryURL": "https://github.com/maclee99/Cxlsxwriter",
        "state": {
          "branch": null,
          "revision": "8b3248454ce13d06d4e7e0085f6950847c50d710",
          "version": "0.0.1"
        }
      }
    ]
  },
  "version": 1
}
